
Microsoft Visual Studio Solution File, Format Version 12.00
# Visual Studio Version 16
VisualStudioVersion = 16.0.30907.101
MinimumVisualStudioVersion = 10.0.40219.1
Project("{9A19103F-16F7-4668-BE54-9A1E7A4F7556}") = "Business", "Business\Business.csproj", "{B326EADA-1AF7-484A-A351-2577A11D0D44}"
EndProject
Project("{9A19103F-16F7-4668-BE54-9A1E7A4F7556}") = "DataAccess", "DataAccess\DataAccess.csproj", "{2BF91DFE-63C8-422C-9E87-2CA73CFEF800}"
EndProject
Project("{9A19103F-16F7-4668-BE54-9A1E7A4F7556}") = "Entities", "Entities\Entities.csproj", "{A61E854E-3D55-4F78-A83A-EE66BA574DDF}"
EndProject
Project("{9A19103F-16F7-4668-BE54-9A1E7A4F7556}") = "ConsoleUI", "ConsoleUI\ConsoleUI.csproj", "{C78F623F-851C-498E-917D-A06CEEEE4BBB}"
EndProject
Project("{FAE04EC0-301F-11D3-BF4B-00C04F79EFBC}") = "Core", "Core\Core.csproj", "{C7BC7EB2-9220-4D09-A645-EA3B3075710E}"
EndProject
Global
	GlobalSection(SolutionConfigurationPlatforms) = preSolution
		Debug|Any CPU = Debug|Any CPU
		Release|Any CPU = Release|Any CPU
	EndGlobalSection
	GlobalSection(ProjectConfigurationPlatforms) = postSolution
		{B326EADA-1AF7-484A-A351-2577A11D0D44}.Debug|Any CPU.ActiveCfg = Debug|Any CPU
		{B326EADA-1AF7-484A-A351-2577A11D0D44}.Debug|Any CPU.Build.0 = Debug|Any CPU
		{B326EADA-1AF7-484A-A351-2577A11D0D44}.Release|Any CPU.ActiveCfg = Release|Any CPU
		{B326EADA-1AF7-484A-A351-2577A11D0D44}.Release|Any CPU.Build.0 = Release|Any CPU
		{2BF91DFE-63C8-422C-9E87-2CA73CFEF800}.Debug|Any CPU.ActiveCfg = Debug|Any CPU
		{2BF91DFE-63C8-422C-9E87-2CA73CFEF800}.Debug|Any CPU.Build.0 = Debug|Any CPU
		{2BF91DFE-63C8-422C-9E87-2CA73CFEF800}.Release|Any CPU.ActiveCfg = Release|Any CPU
		{2BF91DFE-63C8-422C-9E87-2CA73CFEF800}.Release|Any CPU.Build.0 = Release|Any CPU
		{A61E854E-3D55-4F78-A83A-EE66BA574DDF}.Debug|Any CPU.ActiveCfg = Debug|Any CPU
		{A61E854E-3D55-4F78-A83A-EE66BA574DDF}.Debug|Any CPU.Build.0 = Debug|Any CPU
		{A61E854E-3D55-4F78-A83A-EE66BA574DDF}.Release|Any CPU.ActiveCfg = Release|Any CPU
		{A61E854E-3D55-4F78-A83A-EE66BA574DDF}.Release|Any CPU.Build.0 = Release|Any CPU
		{C78F623F-851C-498E-917D-A06CEEEE4BBB}.Debug|Any CPU.ActiveCfg = Debug|Any CPU
		{C78F623F-851C-498E-917D-A06CEEEE4BBB}.Debug|Any CPU.Build.0 = Debug|Any CPU
		{C78F623F-851C-498E-917D-A06CEEEE4BBB}.Release|Any CPU.ActiveCfg = Release|Any CPU
		{C78F623F-851C-498E-917D-A06CEEEE4BBB}.Release|Any CPU.Build.0 = Release|Any CPU
		{C7BC7EB2-9220-4D09-A645-EA3B3075710E}.Debug|Any CPU.ActiveCfg = Debug|Any CPU
		{C7BC7EB2-9220-4D09-A645-EA3B3075710E}.Debug|Any CPU.Build.0 = Debug|Any CPU
		{C7BC7EB2-9220-4D09-A645-EA3B3075710E}.Release|Any CPU.ActiveCfg = Release|Any CPU
		{C7BC7EB2-9220-4D09-A645-EA3B3075710E}.Release|Any CPU.Build.0 = Release|Any CPU
	EndGlobalSection
	GlobalSection(SolutionProperties) = preSolution
		HideSolutionNode = FALSE
	EndGlobalSection
	GlobalSection(ExtensibilityGlobals) = postSolution
		SolutionGuid = {74D84FDD-C270-4624-896E-44CA92DBC12D}
	EndGlobalSection
EndGlobal
